
Microsoft Visual Studio Solution File, Format Version 12.00
# Visual Studio Version 16
VisualStudioVersion = 25.0.1704.3
MinimumVisualStudioVersion = 10.0.40219.1
Project("{FAE04EC0-301F-11D3-BF4B-00C04F79EFBC}") = "BobaShop", "BobaShop\BobaShop.csproj", "{2FEB1D7A-C4FC-4C87-A2CA-6F713319B41B}"
EndProject
Global
	GlobalSection(SolutionConfigurationPlatforms) = preSolution
		Debug|Any CPU = Debug|Any CPU
		Release|Any CPU = Release|Any CPU
	EndGlobalSection
	GlobalSection(ProjectConfigurationPlatforms) = postSolution
		{2FEB1D7A-C4FC-4C87-A2CA-6F713319B41B}.Debug|Any CPU.ActiveCfg = Debug|Any CPU
		{2FEB1D7A-C4FC-4C87-A2CA-6F713319B41B}.Debug|Any CPU.Build.0 = Debug|Any CPU
		{2FEB1D7A-C4FC-4C87-A2CA-6F713319B41B}.Release|Any CPU.ActiveCfg = Release|Any CPU
		{2FEB1D7A-C4FC-4C87-A2CA-6F713319B41B}.Release|Any CPU.Build.0 = Release|Any CPU
	EndGlobalSection
	GlobalSection(SolutionProperties) = preSolution
		HideSolutionNode = FALSE
	EndGlobalSection
	GlobalSection(ExtensibilityGlobals) = postSolution
		SolutionGuid = {78908494-6790-4D6E-B20D-DBC4DB85CF18}
	EndGlobalSection
EndGlobal
